{
  "pins" : [
    {
      "identity" : "dynamiccolor",
      "kind" : "remoteSourceControl",
      "location" : "https://github.com/yannickl/DynamicColor",
      "state" : {
        "revision" : "d9beca13ca85baa50ee29832d0db5129fba69630",
        "version" : "5.0.1"
      }
    },
    {
      "identity" : "geometric",
      "kind" : "remoteSourceControl",
      "location" : "https://github.com/Fleuronic/Geometric",
      "state" : {
        "branch" : "main",
        "revision" : "01cd0e70e477c1c47cc94580938808100bc76222"
      }
    },
    {
      "identity" : "layoutless",
      "kind" : "remoteSourceControl",
      "location" : "https://github.com/DeclarativeHub/Layoutless",
      "state" : {
        "revision" : "50ae5ab4cb9bf676c1901f4ba0f267f27e68d0a7",
        "version" : "0.4.3"
      }
    },
    {
      "identity" : "metric",
      "kind" : "remoteSourceControl",
      "location" : "https://github.com/Fleuronic/Metric",
      "state" : {
        "branch" : "main",
        "revision" : "7eeb2337d1101915cc89dbd11393ad84652c2188"
      }
    },
    {
      "identity" : "reactivecocoa",
      "kind" : "remoteSourceControl",
      "location" : "https://github.com/ReactiveCocoa/ReactiveCocoa",
      "state" : {
        "revision" : "8a5b07b18c6abb8e12fb845bf742675dc4914ed8",
        "version" : "12.0.0"
      }
    },
    {
      "identity" : "reactivedatasources",
      "kind" : "remoteSourceControl",
      "location" : "https://github.com/Fleuronic/ReactiveDataSources",
      "state" : {
        "branch" : "master",
        "revision" : "4a475d088786ef2a53feab4f9a8351a6614ec592"
      }
    },
    {
      "identity" : "reactiveswift",
      "kind" : "remoteSourceControl",
      "location" : "https://github.com/ReactiveCocoa/ReactiveSwift.git",
      "state" : {
        "revision" : "40c465af19b993344e84355c00669ba2022ca3cd",
        "version" : "7.1.1"
      }
    }
  ],
  "version" : 2
}
