{
  "pins" : [
    {
      "identity" : "dynamiccolor",
      "kind" : "remoteSourceControl",
      "location" : "https://github.com/yannickl/DynamicColor",
      "state" : {
        "revision" : "d9beca13ca85baa50ee29832d0db5129fba69630",
        "version" : "5.0.1"
      }
    },
    {
      "identity" : "geometric",
      "kind" : "remoteSourceControl",
      "location" : "https://github.com/Fleuronic/Geometric",
      "state" : {
        "branch" : "main",
        "revision" : "dfcf23de7a1ef40502f1c294babd065bd6f3a1f7"
      }
    },
    {
      "identity" : "layoutless",
      "kind" : "remoteSourceControl",
      "location" : "https://github.com/DeclarativeHub/Layoutless",
      "state" : {
        "revision" : "50ae5ab4cb9bf676c1901f4ba0f267f27e68d0a7",
        "version" : "0.4.3"
      }
    },
    {
      "identity" : "metric",
      "kind" : "remoteSourceControl",
      "location" : "https://github.com/Fleuronic/Metric",
      "state" : {
        "branch" : "main",
        "revision" : "6be8ecdceccfe16e1ae469f6f4d46959037b8999"
      }
    },
    {
      "identity" : "reactivecocoa",
      "kind" : "remoteSourceControl",
      "location" : "https://github.com/ReactiveCocoa/ReactiveCocoa",
      "state" : {
        "revision" : "8a5b07b18c6abb8e12fb845bf742675dc4914ed8",
        "version" : "12.0.0"
      }
    },
    {
      "identity" : "reactivedatasources",
      "kind" : "remoteSourceControl",
      "location" : "https://github.com/Fleuronic/ReactiveDataSources",
      "state" : {
        "branch" : "master",
        "revision" : "618c79932ea0476e2a926dba480b9f96e3c70159"
      }
    },
    {
      "identity" : "reactiveswift",
      "kind" : "remoteSourceControl",
      "location" : "https://github.com/ReactiveCocoa/ReactiveSwift.git",
      "state" : {
        "branch" : "swift-concurrency",
        "revision" : "3d40187c982346352d0adbe6b38e0e3d53fddc95"
      }
    }
  ],
  "version" : 2
}
